
Microsoft Visual Studio Solution File, Format Version 12.00
# Visual Studio Version 17
VisualStudioVersion = 17.6.33815.320
MinimumVisualStudioVersion = 10.0.40219.1
Project("{FAE04EC0-301F-11D3-BF4B-00C04F79EFBC}") = "BistroWinforms", "BistroWinforms\BistroWinforms.csproj", "{F4F6FE7D-EA5C-47C5-A0BC-818C896BFC7E}"
EndProject
Global
	GlobalSection(SolutionConfigurationPlatforms) = preSolution
		Debug|Any CPU = Debug|Any CPU
		Release|Any CPU = Release|Any CPU
	EndGlobalSection
	GlobalSection(ProjectConfigurationPlatforms) = postSolution
		{F4F6FE7D-EA5C-47C5-A0BC-818C896BFC7E}.Debug|Any CPU.ActiveCfg = Debug|Any CPU
		{F4F6FE7D-EA5C-47C5-A0BC-818C896BFC7E}.Debug|Any CPU.Build.0 = Debug|Any CPU
		{F4F6FE7D-EA5C-47C5-A0BC-818C896BFC7E}.Release|Any CPU.ActiveCfg = Release|Any CPU
		{F4F6FE7D-EA5C-47C5-A0BC-818C896BFC7E}.Release|Any CPU.Build.0 = Release|Any CPU
	EndGlobalSection
	GlobalSection(SolutionProperties) = preSolution
		HideSolutionNode = FALSE
	EndGlobalSection
	GlobalSection(ExtensibilityGlobals) = postSolution
		SolutionGuid = {3F1C61AC-F2FC-4266-ACBF-D71472527CBB}
	EndGlobalSection
EndGlobal
